
Microsoft Visual Studio Solution File, Format Version 12.00
# Visual Studio Version 16
VisualStudioVersion = 16.0.30309.148
MinimumVisualStudioVersion = 10.0.40219.1
Project("{FAE04EC0-301F-11D3-BF4B-00C04F79EFBC}") = "Password leak status", "Password leak status\Password leak status.csproj", "{913CBD3F-248D-4D06-BA51-62198FD3813F}"
EndProject
Global
	GlobalSection(SolutionConfigurationPlatforms) = preSolution
		Debug|Any CPU = Debug|Any CPU
		Release|Any CPU = Release|Any CPU
	EndGlobalSection
	GlobalSection(ProjectConfigurationPlatforms) = postSolution
		{913CBD3F-248D-4D06-BA51-62198FD3813F}.Debug|Any CPU.ActiveCfg = Debug|Any CPU
		{913CBD3F-248D-4D06-BA51-62198FD3813F}.Debug|Any CPU.Build.0 = Debug|Any CPU
		{913CBD3F-248D-4D06-BA51-62198FD3813F}.Release|Any CPU.ActiveCfg = Release|Any CPU
		{913CBD3F-248D-4D06-BA51-62198FD3813F}.Release|Any CPU.Build.0 = Release|Any CPU
	EndGlobalSection
	GlobalSection(SolutionProperties) = preSolution
		HideSolutionNode = FALSE
	EndGlobalSection
	GlobalSection(ExtensibilityGlobals) = postSolution
		SolutionGuid = {9169CD8F-1CD7-4023-88A5-F86B71630778}
	EndGlobalSection
EndGlobal
